
Microsoft Visual Studio Solution File, Format Version 11.00
# Visual Studio 2010
Project("{FAE04EC0-301F-11D3-BF4B-00C04F79EFBC}") = "Assembly-CSharp", "Assembly-CSharp.csproj", "{b7a8a0c4-2fd9-2460-650f-759c9b50c1e5}"
EndProject
Project("{FAE04EC0-301F-11D3-BF4B-00C04F79EFBC}") = "Assembly-CSharp-Editor", "Assembly-CSharp-Editor.csproj", "{b1d2b256-55ca-0289-f07e-310cf22bd1c1}"
EndProject
Global
	GlobalSection(SolutionConfigurationPlatforms) = preSolution
		Debug|Any CPU = Debug|Any CPU
		Release|Any CPU = Release|Any CPU
	EndGlobalSection
	GlobalSection(ProjectConfigurationPlatforms) = postSolution
		{b7a8a0c4-2fd9-2460-650f-759c9b50c1e5}.Debug|Any CPU.ActiveCfg = Debug|Any CPU
		{b7a8a0c4-2fd9-2460-650f-759c9b50c1e5}.Debug|Any CPU.Build.0 = Debug|Any CPU
		{b7a8a0c4-2fd9-2460-650f-759c9b50c1e5}.Release|Any CPU.ActiveCfg = Release|Any CPU
		{b7a8a0c4-2fd9-2460-650f-759c9b50c1e5}.Release|Any CPU.Build.0 = Release|Any CPU
		{b1d2b256-55ca-0289-f07e-310cf22bd1c1}.Debug|Any CPU.ActiveCfg = Debug|Any CPU
		{b1d2b256-55ca-0289-f07e-310cf22bd1c1}.Debug|Any CPU.Build.0 = Debug|Any CPU
		{b1d2b256-55ca-0289-f07e-310cf22bd1c1}.Release|Any CPU.ActiveCfg = Release|Any CPU
		{b1d2b256-55ca-0289-f07e-310cf22bd1c1}.Release|Any CPU.Build.0 = Release|Any CPU
	EndGlobalSection
	GlobalSection(SolutionProperties) = preSolution
		HideSolutionNode = FALSE
	EndGlobalSection
EndGlobal
