
Microsoft Visual Studio Solution File, Format Version 11.00
# Visual Studio 2010
Project("{FAE04EC0-301F-11D3-BF4B-00C04F79EFBC}") = "Assembly-CSharp", "Assembly-CSharp.csproj", "{81d4bcc1-a382-f2cd-b114-05cd213b9d6c}"
EndProject
Project("{FAE04EC0-301F-11D3-BF4B-00C04F79EFBC}") = "Assembly-CSharp-Editor", "Assembly-CSharp-Editor.csproj", "{a16b7136-ff2e-7cab-2974-96f17c029be4}"
EndProject
Global
	GlobalSection(SolutionConfigurationPlatforms) = preSolution
		Debug|Any CPU = Debug|Any CPU
	EndGlobalSection
	GlobalSection(ProjectConfigurationPlatforms) = postSolution
		{81d4bcc1-a382-f2cd-b114-05cd213b9d6c}.Debug|Any CPU.ActiveCfg = Debug|Any CPU
		{81d4bcc1-a382-f2cd-b114-05cd213b9d6c}.Debug|Any CPU.Build.0 = Debug|Any CPU
		{a16b7136-ff2e-7cab-2974-96f17c029be4}.Debug|Any CPU.ActiveCfg = Debug|Any CPU
		{a16b7136-ff2e-7cab-2974-96f17c029be4}.Debug|Any CPU.Build.0 = Debug|Any CPU
	EndGlobalSection
	GlobalSection(SolutionProperties) = preSolution
		HideSolutionNode = FALSE
	EndGlobalSection
EndGlobal
