
Microsoft Visual Studio Solution File, Format Version 11.00
# Visual Studio 2010
Project("{FAE04EC0-301F-11D3-BF4B-00C04F79EFBC}") = "Assembly-CSharp", "Assembly-CSharp.csproj", "{C1BCD481-82A3-CDF2-B114-05CD213B9D6C}"
EndProject
Project("{FAE04EC0-301F-11D3-BF4B-00C04F79EFBC}") = "Assembly-CSharp-Editor", "Assembly-CSharp-Editor.csproj", "{36716BA1-2EFF-AB7C-2974-96F17C029BE4}"
EndProject
Global
	GlobalSection(SolutionConfigurationPlatforms) = preSolution
		Debug|Any CPU = Debug|Any CPU
		Release|Any CPU = Release|Any CPU
	EndGlobalSection
	GlobalSection(ProjectConfigurationPlatforms) = postSolution
		{C1BCD481-82A3-CDF2-B114-05CD213B9D6C}.Debug|Any CPU.ActiveCfg = Debug|Any CPU
		{C1BCD481-82A3-CDF2-B114-05CD213B9D6C}.Debug|Any CPU.Build.0 = Debug|Any CPU
		{C1BCD481-82A3-CDF2-B114-05CD213B9D6C}.Release|Any CPU.ActiveCfg = Release|Any CPU
		{C1BCD481-82A3-CDF2-B114-05CD213B9D6C}.Release|Any CPU.Build.0 = Release|Any CPU
		{36716BA1-2EFF-AB7C-2974-96F17C029BE4}.Debug|Any CPU.ActiveCfg = Debug|Any CPU
		{36716BA1-2EFF-AB7C-2974-96F17C029BE4}.Debug|Any CPU.Build.0 = Debug|Any CPU
		{36716BA1-2EFF-AB7C-2974-96F17C029BE4}.Release|Any CPU.ActiveCfg = Release|Any CPU
		{36716BA1-2EFF-AB7C-2974-96F17C029BE4}.Release|Any CPU.Build.0 = Release|Any CPU
	EndGlobalSection
	GlobalSection(SolutionProperties) = preSolution
		HideSolutionNode = FALSE
	EndGlobalSection
EndGlobal
